
Microsoft Visual Studio Solution File, Format Version 12.00
# Visual Studio 15
VisualStudioVersion = 15.0.27703.2042
MinimumVisualStudioVersion = 10.0.40219.1
Project("{9A19103F-16F7-4668-BE54-9A1E7A4F7556}") = "EasyBlog", "EasyBlog\EasyBlog.csproj", "{5DDFB256-481E-42F4-94C9-4F25C1853C55}"
EndProject
Project("{9A19103F-16F7-4668-BE54-9A1E7A4F7556}") = "EasyBlog.Services", "EasyBlog.IServices\EasyBlog.Services.csproj", "{0E6CD606-8950-4B2C-8014-852891BEAAE9}"
EndProject
Project("{9A19103F-16F7-4668-BE54-9A1E7A4F7556}") = "EasyBlog.Domain", "EasyBlog.Domain\EasyBlog.Domain.csproj", "{A2AD34BF-D3E3-45A9-8F43-69D402EACF3D}"
EndProject
Project("{9A19103F-16F7-4668-BE54-9A1E7A4F7556}") = "Easyblog.Dto", "Easyblog.Dto\Easyblog.Dto.csproj", "{B3783985-ED7B-4168-BFBE-03B0D727F56B}"
EndProject
Global
	GlobalSection(SolutionConfigurationPlatforms) = preSolution
		Debug|Any CPU = Debug|Any CPU
		Release|Any CPU = Release|Any CPU
	EndGlobalSection
	GlobalSection(ProjectConfigurationPlatforms) = postSolution
		{5DDFB256-481E-42F4-94C9-4F25C1853C55}.Debug|Any CPU.ActiveCfg = Debug|Any CPU
		{5DDFB256-481E-42F4-94C9-4F25C1853C55}.Debug|Any CPU.Build.0 = Debug|Any CPU
		{5DDFB256-481E-42F4-94C9-4F25C1853C55}.Release|Any CPU.ActiveCfg = Release|Any CPU
		{5DDFB256-481E-42F4-94C9-4F25C1853C55}.Release|Any CPU.Build.0 = Release|Any CPU
		{0E6CD606-8950-4B2C-8014-852891BEAAE9}.Debug|Any CPU.ActiveCfg = Debug|Any CPU
		{0E6CD606-8950-4B2C-8014-852891BEAAE9}.Debug|Any CPU.Build.0 = Debug|Any CPU
		{0E6CD606-8950-4B2C-8014-852891BEAAE9}.Release|Any CPU.ActiveCfg = Release|Any CPU
		{0E6CD606-8950-4B2C-8014-852891BEAAE9}.Release|Any CPU.Build.0 = Release|Any CPU
		{A2AD34BF-D3E3-45A9-8F43-69D402EACF3D}.Debug|Any CPU.ActiveCfg = Debug|Any CPU
		{A2AD34BF-D3E3-45A9-8F43-69D402EACF3D}.Debug|Any CPU.Build.0 = Debug|Any CPU
		{A2AD34BF-D3E3-45A9-8F43-69D402EACF3D}.Release|Any CPU.ActiveCfg = Release|Any CPU
		{A2AD34BF-D3E3-45A9-8F43-69D402EACF3D}.Release|Any CPU.Build.0 = Release|Any CPU
		{B3783985-ED7B-4168-BFBE-03B0D727F56B}.Debug|Any CPU.ActiveCfg = Debug|Any CPU
		{B3783985-ED7B-4168-BFBE-03B0D727F56B}.Debug|Any CPU.Build.0 = Debug|Any CPU
		{B3783985-ED7B-4168-BFBE-03B0D727F56B}.Release|Any CPU.ActiveCfg = Release|Any CPU
		{B3783985-ED7B-4168-BFBE-03B0D727F56B}.Release|Any CPU.Build.0 = Release|Any CPU
	EndGlobalSection
	GlobalSection(SolutionProperties) = preSolution
		HideSolutionNode = FALSE
	EndGlobalSection
	GlobalSection(ExtensibilityGlobals) = postSolution
		SolutionGuid = {B40A71F5-263B-4682-B125-3EA466B1F399}
	EndGlobalSection
EndGlobal
